
Microsoft Visual Studio Solution File, Format Version 12.00
# Visual Studio Version 17
VisualStudioVersion = 17.4.33213.308
MinimumVisualStudioVersion = 10.0.40219.1
Project("{9A19103F-16F7-4668-BE54-9A1E7A4F7556}") = "ProductsAPI", "ProductsAPI\ProductsAPI.csproj", "{BBC220BB-811E-4038-BDC1-505D556C3312}"
EndProject
Global
	GlobalSection(SolutionConfigurationPlatforms) = preSolution
		Debug|Any CPU = Debug|Any CPU
		Release|Any CPU = Release|Any CPU
	EndGlobalSection
	GlobalSection(ProjectConfigurationPlatforms) = postSolution
		{BBC220BB-811E-4038-BDC1-505D556C3312}.Debug|Any CPU.ActiveCfg = Debug|Any CPU
		{BBC220BB-811E-4038-BDC1-505D556C3312}.Debug|Any CPU.Build.0 = Debug|Any CPU
		{BBC220BB-811E-4038-BDC1-505D556C3312}.Release|Any CPU.ActiveCfg = Release|Any CPU
		{BBC220BB-811E-4038-BDC1-505D556C3312}.Release|Any CPU.Build.0 = Release|Any CPU
	EndGlobalSection
	GlobalSection(SolutionProperties) = preSolution
		HideSolutionNode = FALSE
	EndGlobalSection
	GlobalSection(ExtensibilityGlobals) = postSolution
		SolutionGuid = {DC3E0927-68E6-4AF7-B91A-1C8E1F1B571D}
	EndGlobalSection
EndGlobal
